# This file was autogenerated by Stack.
# You should not edit this file by hand.
# For more information, please see the documentation at:
#   https://docs.haskellstack.org/en/stable/lock_files

packages:
- completed:
    hackage: todo-0.2.0.3@sha256:87db5ccfc8294a44190398ad760c277cb7a3d666f7be34b407f879eba14eb803,752
    pantry-tree:
      sha256: 39a5b9251293f7564c884482764c6bbcfa56c0ee11c076beafcb979d79805911
      size: 253
  original:
    hackage: todo-0.2.0.3@sha256:87db5ccfc8294a44190398ad760c277cb7a3d666f7be34b407f879eba14eb803,752
snapshots:
- completed:
    sha256: be747117bed6d462806c883352c3206325b23480825103f5c87884e97e52819a
    size: 619173
    url: https://raw.githubusercontent.com/commercialhaskell/stackage-snapshots/master/lts/19/20.yaml
  original:
    url: https://raw.githubusercontent.com/commercialhaskell/stackage-snapshots/master/lts/19/20.yaml
